
Microsoft Visual Studio Solution File, Format Version 12.00
# Visual Studio Version 17
VisualStudioVersion = 17.13.35931.197 d17.13
MinimumVisualStudioVersion = 10.0.40219.1
Project("{FAE04EC0-301F-11D3-BF4B-00C04F79EFBC}") = "api_egc", "api_egc\api_egc.csproj", "{9BCCC999-F962-4A21-991F-CD78E55D1C8E}"
EndProject
Global
	GlobalSection(SolutionConfigurationPlatforms) = preSolution
		Debug|Any CPU = Debug|Any CPU
		Release|Any CPU = Release|Any CPU
	EndGlobalSection
	GlobalSection(ProjectConfigurationPlatforms) = postSolution
		{9BCCC999-F962-4A21-991F-CD78E55D1C8E}.Debug|Any CPU.ActiveCfg = Debug|Any CPU
		{9BCCC999-F962-4A21-991F-CD78E55D1C8E}.Debug|Any CPU.Build.0 = Debug|Any CPU
		{9BCCC999-F962-4A21-991F-CD78E55D1C8E}.Release|Any CPU.ActiveCfg = Release|Any CPU
		{9BCCC999-F962-4A21-991F-CD78E55D1C8E}.Release|Any CPU.Build.0 = Release|Any CPU
	EndGlobalSection
	GlobalSection(SolutionProperties) = preSolution
		HideSolutionNode = FALSE
	EndGlobalSection
	GlobalSection(ExtensibilityGlobals) = postSolution
		SolutionGuid = {8502DC9C-EA45-479D-BC5B-FCEC774DC77B}
	EndGlobalSection
EndGlobal
